<?xml version="1.0" encoding="utf-8"?>
<Project ToolsVersion="4.0" xmlns="http://schemas.microsoft.com/developer/msbuild/2003">
  <ItemGroup>
    <Filter Include="源文件">
      <UniqueIdentifier>{4FC737F1-C7A5-4376-A066-2A32D752A2FF}</UniqueIdentifier>
      <Extensions>cpp;c;cc;cxx;def;odl;idl;hpj;bat;asm;asmx</Extensions>
    </Filter>
    <Filter Include="头文件">
      <UniqueIdentifier>{93995380-89BD-4b04-88EB-625FBE52EBFB}</UniqueIdentifier>
      <Extensions>h;hh;hpp;hxx;hm;inl;inc;ipp;xsd</Extensions>
    </Filter>
    <Filter Include="Shaders">
      <UniqueIdentifier>{67DA6AB6-F800-4c08-8B7A-83BB121AAD01}</UniqueIdentifier>
      <Extensions>rc;ico;cur;bmp;dlg;rc2;rct;bin;rgs;gif;jpg;jpeg;jpe;resx;tiff;tif;png;wav;mfcribbon-ms</Extensions>
    </Filter>
  </ItemGroup>
  <ItemGroup>
    <ClInclude Include="src\Public\camera.h">
      <Filter>头文件</Filter>
    </ClInclude>
    <ClInclude Include="src\Public\directional_light.h">
      <Filter>头文件</Filter>
    </ClInclude>
    <ClInclude Include="src\Public\HakunaRenderer.h">
      <Filter>头文件</Filter>
    </ClInclude>
    <ClInclude Include="src\Public\input_mgr.h">
      <Filter>头文件</Filter>
    </ClInclude>
    <ClInclude Include="src\Public\light.h">
      <Filter>头文件</Filter>
    </ClInclude>
    <ClInclude Include="src\Public\material.h">
      <Filter>头文件</Filter>
    </ClInclude>
    <ClInclude Include="src\Public\mesh.h">
      <Filter>头文件</Filter>
    </ClInclude>
    <ClInclude Include="src\Public\mesh_mgr.h">
      <Filter>头文件</Filter>
    </ClInclude>
    <ClInclude Include="src\Public\shader_manager.h">
      <Filter>头文件</Filter>
    </ClInclude>
    <ClInclude Include="src\Public\texture_mgr.h">
      <Filter>头文件</Filter>
    </ClInclude>
    <ClInclude Include="src\Public\vertex.h">
      <Filter>头文件</Filter>
    </ClInclude>
    <ClInclude Include="src\Public\vulkan_utility.h">
      <Filter>头文件</Filter>
    </ClInclude>
    <ClInclude Include="src\Public\model.h">
      <Filter>头文件</Filter>
    </ClInclude>
    <ClInclude Include="src\Public\draw_item.h">
      <Filter>头文件</Filter>
    </ClInclude>
    <ClInclude Include="src\Public\perinstance_data.hpp">
      <Filter>头文件</Filter>
    </ClInclude>
    <ClInclude Include="src\Public\VulkanTools.h">
      <Filter>头文件</Filter>
    </ClInclude>
    <ClInclude Include="src\Public\VulkanInitializers.hpp">
      <Filter>头文件</Filter>
    </ClInclude>
    <ClInclude Include="src\Public\VulkanBuffer.hpp">
      <Filter>头文件</Filter>
    </ClInclude>
    <ClInclude Include="src\Public\vulkan_swapchain.h">
      <Filter>头文件</Filter>
    </ClInclude>
    <ClInclude Include="src\Public\vulkan_device.h">
      <Filter>头文件</Filter>
    </ClInclude>
    <ClInclude Include="src\Public\VulkanglTFModel.hpp">
      <Filter>头文件</Filter>
    </ClInclude>
    <ClInclude Include="src\Public\json.hpp">
      <Filter>头文件</Filter>
    </ClInclude>
    <ClInclude Include="src\Public\stb_image.h">
      <Filter>头文件</Filter>
    </ClInclude>
    <ClInclude Include="src\Public\tiny_gltf.h">
      <Filter>头文件</Filter>
    </ClInclude>
    <ClInclude Include="src\Public\stb_image_write.h">
      <Filter>头文件</Filter>
    </ClInclude>
    <ClInclude Include="Scene.h">
      <Filter>头文件</Filter>
    </ClInclude>
  </ItemGroup>
  <ItemGroup>
    <ClCompile Include="src\Private\camera.cpp">
      <Filter>源文件</Filter>
    </ClCompile>
    <ClCompile Include="src\Private\directional_light.cpp">
      <Filter>源文件</Filter>
    </ClCompile>
    <ClCompile Include="src\Private\HakunaRenderer.cpp">
      <Filter>源文件</Filter>
    </ClCompile>
    <ClCompile Include="src\Private\input_mgr.cpp">
      <Filter>源文件</Filter>
    </ClCompile>
    <ClCompile Include="src\Private\light.cpp">
      <Filter>源文件</Filter>
    </ClCompile>
    <ClCompile Include="src\Private\main.cpp">
      <Filter>源文件</Filter>
    </ClCompile>
    <ClCompile Include="src\Private\material.cpp">
      <Filter>源文件</Filter>
    </ClCompile>
    <ClCompile Include="src\Private\mesh.cpp">
      <Filter>源文件</Filter>
    </ClCompile>
    <ClCompile Include="src\Private\mesh_mgr.cpp">
      <Filter>源文件</Filter>
    </ClCompile>
    <ClCompile Include="src\Private\shader_manager.cpp">
      <Filter>源文件</Filter>
    </ClCompile>
    <ClCompile Include="src\Private\texture_mgr.cpp">
      <Filter>源文件</Filter>
    </ClCompile>
    <ClCompile Include="src\Private\vertex.cpp">
      <Filter>源文件</Filter>
    </ClCompile>
    <ClCompile Include="src\Private\model.cpp">
      <Filter>源文件</Filter>
    </ClCompile>
    <ClCompile Include="src\Private\draw_item.cpp">
      <Filter>源文件</Filter>
    </ClCompile>
    <ClCompile Include="src\Private\VulkanTools.cpp">
      <Filter>源文件</Filter>
    </ClCompile>
    <ClCompile Include="src\Private\vulkan_swapchain.cpp">
      <Filter>源文件</Filter>
    </ClCompile>
    <ClCompile Include="src\Private\vulkan_device.cpp">
      <Filter>源文件</Filter>
    </ClCompile>
    <ClCompile Include="src\Private\VulkanglTFModel.cpp">
      <Filter>源文件</Filter>
    </ClCompile>
    <ClCompile Include="src\Private\tiny_gltf.cpp">
      <Filter>源文件</Filter>
    </ClCompile>
    <ClCompile Include="Scene.cpp">
      <Filter>源文件</Filter>
    </ClCompile>
  </ItemGroup>
  <ItemGroup>
    <None Include="resource\shaders\brdf.inc">
      <Filter>Shaders</Filter>
    </None>
    <None Include="resource\shaders\common.inc">
      <Filter>Shaders</Filter>
    </None>
    <None Include="resource\shaders\compile.bat">
      <Filter>Shaders</Filter>
    </None>
    <None Include="resource\shaders\filtercube.vert">
      <Filter>Shaders</Filter>
    </None>
    <None Include="resource\shaders\gen_brdf_lut.frag">
      <Filter>Shaders</Filter>
    </None>
    <None Include="resource\shaders\gen_brdf_lut.vert">
      <Filter>Shaders</Filter>
    </None>
    <None Include="resource\shaders\opaque.frag">
      <Filter>Shaders</Filter>
    </None>
    <None Include="resource\shaders\opaque.vert">
      <Filter>Shaders</Filter>
    </None>
    <None Include="resource\shaders\prefilter_diffuse_envmap.frag">
      <Filter>Shaders</Filter>
    </None>
    <None Include="resource\shaders\prefilter_specular_envmap.frag">
      <Filter>Shaders</Filter>
    </None>
    <None Include="resource\shaders\skybox.frag">
      <Filter>Shaders</Filter>
    </None>
    <None Include="resource\shaders\skybox.vert">
      <Filter>Shaders</Filter>
    </None>
  </ItemGroup>
</Project>